{
  "requires": true,
  "lockfileVersion": 1,
  "dependencies": {
    "webcam-easy": {
      "version": "1.0.5",
      "resolved": "https://registry.npmjs.org/webcam-easy/-/webcam-easy-1.0.5.tgz",
      "integrity": "sha512-YSXB21kfnwdrlPX/u1O5r8pbHxCaw3bsxhmvS1S9ixK/8n8LzxOduylqwVUSjYGSVJRhopJUN77SOh3Z0QgaIQ=="
    },
    "webcamjs": {
      "version": "1.0.26",
      "resolved": "https://registry.npmjs.org/webcamjs/-/webcamjs-1.0.26.tgz",
      "integrity": "sha512-ruUdzb7MV4QUxO1TfIdAjzeEhB8+Y1GY6HhQTytij+rB98972XZ+mbMUGrjBvWRb975loKjqgELdYjVNMNRfFQ=="
    }
  }
}
